
Microsoft Visual Studio Solution File, Format Version 12.00
# Visual Studio 2013
VisualStudioVersion = 12.0.40629.0
MinimumVisualStudioVersion = 10.0.40219.1
Project("{FAE04EC0-301F-11D3-BF4B-00C04F79EFBC}") = "SSISRabbitMQ.RabbitMQConnectionManager", "SSISRabbitMQ.RabbitMQConnectionManager\SSISRabbitMQ.RabbitMQConnectionManager.csproj", "{9CB5D6AA-5845-4D6A-982B-1C1F05A83240}"
EndProject
Project("{FAE04EC0-301F-11D3-BF4B-00C04F79EFBC}") = "SSISRabbitMQ.RabbitMQSource", "SSISRabbitMQ.RabbitMQSource\SSISRabbitMQ.RabbitMQSource.csproj", "{29A1F479-CD7F-4F1B-9B9D-CBA2FFD16D78}"
EndProject
Project("{FAE04EC0-301F-11D3-BF4B-00C04F79EFBC}") = "SSISRabbitMQ.RabbitMQDestination", "SSISRabbitMQ.RabbitMQDestination\SSISRabbitMQ.RabbitMQDestination.csproj", "{A1E6DC62-E31D-4CC2-82DB-915E975A8532}"
EndProject
Project("{2150E333-8FDC-42A3-9474-1A3956D46DE8}") = ".nuget", ".nuget", "{F2D14C21-88B9-4870-BFC7-31E0A864A430}"
	ProjectSection(SolutionItems) = preProject
		.nuget\NuGet.Config = .nuget\NuGet.Config
		.nuget\NuGet.exe = .nuget\NuGet.exe
		.nuget\NuGet.targets = .nuget\NuGet.targets
	EndProjectSection
EndProject
Global
	GlobalSection(SolutionConfigurationPlatforms) = preSolution
		Debug|Any CPU = Debug|Any CPU
		Debug|x64 = Debug|x64
		Debug|x86 = Debug|x86
		Release|Any CPU = Release|Any CPU
		Release|x64 = Release|x64
		Release|x86 = Release|x86
	EndGlobalSection
	GlobalSection(ProjectConfigurationPlatforms) = postSolution
		{9CB5D6AA-5845-4D6A-982B-1C1F05A83240}.Debug|Any CPU.ActiveCfg = Debug|Any CPU
		{9CB5D6AA-5845-4D6A-982B-1C1F05A83240}.Debug|Any CPU.Build.0 = Debug|Any CPU
		{9CB5D6AA-5845-4D6A-982B-1C1F05A83240}.Debug|x64.ActiveCfg = Debug|Any CPU
		{9CB5D6AA-5845-4D6A-982B-1C1F05A83240}.Debug|x64.Build.0 = Debug|Any CPU
		{9CB5D6AA-5845-4D6A-982B-1C1F05A83240}.Debug|x86.ActiveCfg = Debug|Any CPU
		{9CB5D6AA-5845-4D6A-982B-1C1F05A83240}.Debug|x86.Build.0 = Debug|Any CPU
		{9CB5D6AA-5845-4D6A-982B-1C1F05A83240}.Release|Any CPU.ActiveCfg = Release|Any CPU
		{9CB5D6AA-5845-4D6A-982B-1C1F05A83240}.Release|Any CPU.Build.0 = Release|Any CPU
		{9CB5D6AA-5845-4D6A-982B-1C1F05A83240}.Release|x64.ActiveCfg = Release|Any CPU
		{9CB5D6AA-5845-4D6A-982B-1C1F05A83240}.Release|x64.Build.0 = Release|Any CPU
		{9CB5D6AA-5845-4D6A-982B-1C1F05A83240}.Release|x86.ActiveCfg = Release|Any CPU
		{9CB5D6AA-5845-4D6A-982B-1C1F05A83240}.Release|x86.Build.0 = Release|Any CPU
		{29A1F479-CD7F-4F1B-9B9D-CBA2FFD16D78}.Debug|Any CPU.ActiveCfg = Debug|Any CPU
		{29A1F479-CD7F-4F1B-9B9D-CBA2FFD16D78}.Debug|Any CPU.Build.0 = Debug|Any CPU
		{29A1F479-CD7F-4F1B-9B9D-CBA2FFD16D78}.Debug|x64.ActiveCfg = Debug|Any CPU
		{29A1F479-CD7F-4F1B-9B9D-CBA2FFD16D78}.Debug|x64.Build.0 = Debug|Any CPU
		{29A1F479-CD7F-4F1B-9B9D-CBA2FFD16D78}.Debug|x86.ActiveCfg = Debug|Any CPU
		{29A1F479-CD7F-4F1B-9B9D-CBA2FFD16D78}.Debug|x86.Build.0 = Debug|Any CPU
		{29A1F479-CD7F-4F1B-9B9D-CBA2FFD16D78}.Release|Any CPU.ActiveCfg = Release|Any CPU
		{29A1F479-CD7F-4F1B-9B9D-CBA2FFD16D78}.Release|Any CPU.Build.0 = Release|Any CPU
		{29A1F479-CD7F-4F1B-9B9D-CBA2FFD16D78}.Release|x64.ActiveCfg = Release|Any CPU
		{29A1F479-CD7F-4F1B-9B9D-CBA2FFD16D78}.Release|x64.Build.0 = Release|Any CPU
		{29A1F479-CD7F-4F1B-9B9D-CBA2FFD16D78}.Release|x86.ActiveCfg = Release|Any CPU
		{29A1F479-CD7F-4F1B-9B9D-CBA2FFD16D78}.Release|x86.Build.0 = Release|Any CPU
		{A1E6DC62-E31D-4CC2-82DB-915E975A8532}.Debug|Any CPU.ActiveCfg = Debug|Any CPU
		{A1E6DC62-E31D-4CC2-82DB-915E975A8532}.Debug|Any CPU.Build.0 = Debug|Any CPU
		{A1E6DC62-E31D-4CC2-82DB-915E975A8532}.Debug|x64.ActiveCfg = Debug|Any CPU
		{A1E6DC62-E31D-4CC2-82DB-915E975A8532}.Debug|x64.Build.0 = Debug|Any CPU
		{A1E6DC62-E31D-4CC2-82DB-915E975A8532}.Debug|x86.ActiveCfg = Debug|Any CPU
		{A1E6DC62-E31D-4CC2-82DB-915E975A8532}.Debug|x86.Build.0 = Debug|Any CPU
		{A1E6DC62-E31D-4CC2-82DB-915E975A8532}.Release|Any CPU.ActiveCfg = Release|Any CPU
		{A1E6DC62-E31D-4CC2-82DB-915E975A8532}.Release|Any CPU.Build.0 = Release|Any CPU
		{A1E6DC62-E31D-4CC2-82DB-915E975A8532}.Release|x64.ActiveCfg = Release|Any CPU
		{A1E6DC62-E31D-4CC2-82DB-915E975A8532}.Release|x64.Build.0 = Release|Any CPU
		{A1E6DC62-E31D-4CC2-82DB-915E975A8532}.Release|x86.ActiveCfg = Release|Any CPU
		{A1E6DC62-E31D-4CC2-82DB-915E975A8532}.Release|x86.Build.0 = Release|Any CPU
	EndGlobalSection
	GlobalSection(SolutionProperties) = preSolution
		HideSolutionNode = FALSE
	EndGlobalSection
EndGlobal
